// !$*UTF8*$!
{
	archiveVersion = 1;
	classes = {
	};
	objectVersion = 56;
	objects = {

/* Begin PBXBuildFile section */
		9D20EE612F4F5207003ED567 /* stackitApp.swift in Sources */ = {isa = PBXBuildFile; fileRef = 9D20EE602F4F5207003ED567 /* stackitApp.swift */; };
		9D20EE632F4F5207003ED567 /* ContentView.swift in Sources */ = {isa = PBXBuildFile; fileRef = 9D20EE622F4F5207003ED567 /* ContentView.swift */; };
		9D20EEB02F4F5210003ED567 /* TaskItem.swift in Sources */ = {isa = PBXBuildFile; fileRef = 9D20EEA02F4F5210003ED567 /* TaskItem.swift */; };
		9D20EEBA2F4F5210003ED567 /* ScheduleItem.swift in Sources */ = {isa = PBXBuildFile; fileRef = 9D20EEAE2F4F5210003ED567 /* ScheduleItem.swift */; };
		9D20EEB12F4F5210003ED567 /* DateTimeHeaderView.swift in Sources */ = {isa = PBXBuildFile; fileRef = 9D20EEA12F4F5210003ED567 /* DateTimeHeaderView.swift */; };
		9D20EEB22F4F5210003ED567 /* DailyProgressView.swift in Sources */ = {isa = PBXBuildFile; fileRef = 9D20EEA22F4F5210003ED567 /* DailyProgressView.swift */; };
		9D20EEB32F4F5210003ED567 /* CurrentTaskCardView.swift in Sources */ = {isa = PBXBuildFile; fileRef = 9D20EEA32F4F5210003ED567 /* CurrentTaskCardView.swift */; };
		9D20EEB42F4F5210003ED567 /* MainDailyView.swift in Sources */ = {isa = PBXBuildFile; fileRef = 9D20EEA42F4F5210003ED567 /* MainDailyView.swift */; };
		9D20EEB52F4F5210003ED567 /* AppRoute.swift in Sources */ = {isa = PBXBuildFile; fileRef = 9D20EEA82F4F5210003ED567 /* AppRoute.swift */; };
		9D20EEB62F4F5210003ED567 /* RootContainerView.swift in Sources */ = {isa = PBXBuildFile; fileRef = 9D20EEA92F4F5210003ED567 /* RootContainerView.swift */; };
		9D20EEB72F4F5210003ED567 /* SettingsView.swift in Sources */ = {isa = PBXBuildFile; fileRef = 9D20EEAA2F4F5210003ED567 /* SettingsView.swift */; };
		9D20EEB82F4F5210003ED567 /* TaskDetailView.swift in Sources */ = {isa = PBXBuildFile; fileRef = 9D20EEAB2F4F5210003ED567 /* TaskDetailView.swift */; };
		9D20EEB92F4F5210003ED567 /* AddTaskPlaceholderView.swift in Sources */ = {isa = PBXBuildFile; fileRef = 9D20EEAC2F4F5210003ED567 /* AddTaskPlaceholderView.swift */; };
		9D20EED42F4F5210003ED567 /* AddEditTaskView.swift in Sources */ = {isa = PBXBuildFile; fileRef = 9D20EEC52F4F5210003ED567 /* AddEditTaskView.swift */; };
		9D20EED02F4F5210003ED567 /* ScheduleItemRepository.swift in Sources */ = {isa = PBXBuildFile; fileRef = 9D20EEC02F4F5210003ED567 /* ScheduleItemRepository.swift */; };
		9D20EED12F4F5210003ED567 /* InMemoryScheduleItemRepository.swift in Sources */ = {isa = PBXBuildFile; fileRef = 9D20EEC12F4F5210003ED567 /* InMemoryScheduleItemRepository.swift */; };
		9D20EED22F4F5210003ED567 /* CurrentTaskScheduler.swift in Sources */ = {isa = PBXBuildFile; fileRef = 9D20EEC22F4F5210003ED567 /* CurrentTaskScheduler.swift */; };
		9D20EED32F4F5210003ED567 /* ScheduleStore.swift in Sources */ = {isa = PBXBuildFile; fileRef = 9D20EEC32F4F5210003ED567 /* ScheduleStore.swift */; };
		9D20EE652F4F5209003ED567 /* Assets.xcassets in Resources */ = {isa = PBXBuildFile; fileRef = 9D20EE642F4F5209003ED567 /* Assets.xcassets */; };
		9D20EE692F4F5209003ED567 /* Preview Assets.xcassets in Resources */ = {isa = PBXBuildFile; fileRef = 9D20EE682F4F5209003ED567 /* Preview Assets.xcassets */; };
		9D20EE732F4F5209003ED567 /* stackitTests.swift in Sources */ = {isa = PBXBuildFile; fileRef = 9D20EE722F4F5209003ED567 /* stackitTests.swift */; };
		9D20EE7D2F4F5209003ED567 /* stackitUITests.swift in Sources */ = {isa = PBXBuildFile; fileRef = 9D20EE7C2F4F5209003ED567 /* stackitUITests.swift */; };
		9D20EE7F2F4F5209003ED567 /* stackitUITestsLaunchTests.swift in Sources */ = {isa = PBXBuildFile; fileRef = 9D20EE7E2F4F5209003ED567 /* stackitUITestsLaunchTests.swift */; };
/* End PBXBuildFile section */

/* Begin PBXContainerItemProxy section */
		9D20EE6F2F4F5209003ED567 /* PBXContainerItemProxy */ = {
			isa = PBXContainerItemProxy;
			containerPortal = 9D20EE552F4F5207003ED567 /* Project object */;
			proxyType = 1;
			remoteGlobalIDString = 9D20EE5C2F4F5207003ED567;
			remoteInfo = stackit;
		};
		9D20EE792F4F5209003ED567 /* PBXContainerItemProxy */ = {
			isa = PBXContainerItemProxy;
			containerPortal = 9D20EE552F4F5207003ED567 /* Project object */;
			proxyType = 1;
			remoteGlobalIDString = 9D20EE5C2F4F5207003ED567;
			remoteInfo = stackit;
		};
/* End PBXContainerItemProxy section */

/* Begin PBXFileReference section */
		9D20EE5D2F4F5207003ED567 /* stackit.app */ = {isa = PBXFileReference; explicitFileType = wrapper.application; includeInIndex = 0; path = stackit.app; sourceTree = BUILT_PRODUCTS_DIR; };
		9D20EE602F4F5207003ED567 /* stackitApp.swift */ = {isa = PBXFileReference; lastKnownFileType = sourcecode.swift; path = stackitApp.swift; sourceTree = "<group>"; };
		9D20EE622F4F5207003ED567 /* ContentView.swift */ = {isa = PBXFileReference; lastKnownFileType = sourcecode.swift; path = ContentView.swift; sourceTree = "<group>"; };
		9D20EE642F4F5209003ED567 /* Assets.xcassets */ = {isa = PBXFileReference; lastKnownFileType = folder.assetcatalog; path = Assets.xcassets; sourceTree = "<group>"; };
		9D20EE662F4F5209003ED567 /* stackit.entitlements */ = {isa = PBXFileReference; lastKnownFileType = text.plist.entitlements; path = stackit.entitlements; sourceTree = "<group>"; };
		9D20EE682F4F5209003ED567 /* Preview Assets.xcassets */ = {isa = PBXFileReference; lastKnownFileType = folder.assetcatalog; path = "Preview Assets.xcassets"; sourceTree = "<group>"; };
		9D20EE6E2F4F5209003ED567 /* stackitTests.xctest */ = {isa = PBXFileReference; explicitFileType = wrapper.cfbundle; includeInIndex = 0; path = stackitTests.xctest; sourceTree = BUILT_PRODUCTS_DIR; };
		9D20EE722F4F5209003ED567 /* stackitTests.swift */ = {isa = PBXFileReference; lastKnownFileType = sourcecode.swift; path = stackitTests.swift; sourceTree = "<group>"; };
		9D20EE782F4F5209003ED567 /* stackitUITests.xctest */ = {isa = PBXFileReference; explicitFileType = wrapper.cfbundle; includeInIndex = 0; path = stackitUITests.xctest; sourceTree = BUILT_PRODUCTS_DIR; };
		9D20EE7C2F4F5209003ED567 /* stackitUITests.swift */ = {isa = PBXFileReference; lastKnownFileType = sourcecode.swift; path = stackitUITests.swift; sourceTree = "<group>"; };
		9D20EE7E2F4F5209003ED567 /* stackitUITestsLaunchTests.swift */ = {isa = PBXFileReference; lastKnownFileType = sourcecode.swift; path = stackitUITestsLaunchTests.swift; sourceTree = "<group>"; };
		9D20EEA02F4F5210003ED567 /* TaskItem.swift */ = {isa = PBXFileReference; lastKnownFileType = sourcecode.swift; path = TaskItem.swift; sourceTree = "<group>"; };
		9D20EEAE2F4F5210003ED567 /* ScheduleItem.swift */ = {isa = PBXFileReference; lastKnownFileType = sourcecode.swift; path = ScheduleItem.swift; sourceTree = "<group>"; };
		9D20EEA12F4F5210003ED567 /* DateTimeHeaderView.swift */ = {isa = PBXFileReference; lastKnownFileType = sourcecode.swift; path = DateTimeHeaderView.swift; sourceTree = "<group>"; };
		9D20EEA22F4F5210003ED567 /* DailyProgressView.swift */ = {isa = PBXFileReference; lastKnownFileType = sourcecode.swift; path = DailyProgressView.swift; sourceTree = "<group>"; };
		9D20EEA32F4F5210003ED567 /* CurrentTaskCardView.swift */ = {isa = PBXFileReference; lastKnownFileType = sourcecode.swift; path = CurrentTaskCardView.swift; sourceTree = "<group>"; };
		9D20EEA42F4F5210003ED567 /* MainDailyView.swift */ = {isa = PBXFileReference; lastKnownFileType = sourcecode.swift; path = MainDailyView.swift; sourceTree = "<group>"; };
		9D20EEA82F4F5210003ED567 /* AppRoute.swift */ = {isa = PBXFileReference; lastKnownFileType = sourcecode.swift; path = AppRoute.swift; sourceTree = "<group>"; };
		9D20EEA92F4F5210003ED567 /* RootContainerView.swift */ = {isa = PBXFileReference; lastKnownFileType = sourcecode.swift; path = RootContainerView.swift; sourceTree = "<group>"; };
		9D20EEAA2F4F5210003ED567 /* SettingsView.swift */ = {isa = PBXFileReference; lastKnownFileType = sourcecode.swift; path = SettingsView.swift; sourceTree = "<group>"; };
		9D20EEAB2F4F5210003ED567 /* TaskDetailView.swift */ = {isa = PBXFileReference; lastKnownFileType = sourcecode.swift; path = TaskDetailView.swift; sourceTree = "<group>"; };
		9D20EEAC2F4F5210003ED567 /* AddTaskPlaceholderView.swift */ = {isa = PBXFileReference; lastKnownFileType = sourcecode.swift; path = AddTaskPlaceholderView.swift; sourceTree = "<group>"; };
		9D20EEC52F4F5210003ED567 /* AddEditTaskView.swift */ = {isa = PBXFileReference; lastKnownFileType = sourcecode.swift; path = AddEditTaskView.swift; sourceTree = "<group>"; };
		9D20EEC02F4F5210003ED567 /* ScheduleItemRepository.swift */ = {isa = PBXFileReference; lastKnownFileType = sourcecode.swift; path = ScheduleItemRepository.swift; sourceTree = "<group>"; };
		9D20EEC12F4F5210003ED567 /* InMemoryScheduleItemRepository.swift */ = {isa = PBXFileReference; lastKnownFileType = sourcecode.swift; path = InMemoryScheduleItemRepository.swift; sourceTree = "<group>"; };
		9D20EEC22F4F5210003ED567 /* CurrentTaskScheduler.swift */ = {isa = PBXFileReference; lastKnownFileType = sourcecode.swift; path = CurrentTaskScheduler.swift; sourceTree = "<group>"; };
		9D20EEC32F4F5210003ED567 /* ScheduleStore.swift */ = {isa = PBXFileReference; lastKnownFileType = sourcecode.swift; path = ScheduleStore.swift; sourceTree = "<group>"; };
/* End PBXFileReference section */

/* Begin PBXFrameworksBuildPhase section */
		9D20EE5A2F4F5207003ED567 /* Frameworks */ = {
			isa = PBXFrameworksBuildPhase;
			buildActionMask = 2147483647;
			files = (
			);
			runOnlyForDeploymentPostprocessing = 0;
		};
		9D20EE6B2F4F5209003ED567 /* Frameworks */ = {
			isa = PBXFrameworksBuildPhase;
			buildActionMask = 2147483647;
			files = (
			);
			runOnlyForDeploymentPostprocessing = 0;
		};
		9D20EE752F4F5209003ED567 /* Frameworks */ = {
			isa = PBXFrameworksBuildPhase;
			buildActionMask = 2147483647;
			files = (
			);
			runOnlyForDeploymentPostprocessing = 0;
		};
/* End PBXFrameworksBuildPhase section */

/* Begin PBXGroup section */
		9D20EE542F4F5207003ED567 = {
			isa = PBXGroup;
			children = (
				9D20EE5F2F4F5207003ED567 /* stackit */,
				9D20EE712F4F5209003ED567 /* stackitTests */,
				9D20EE7B2F4F5209003ED567 /* stackitUITests */,
				9D20EE5E2F4F5207003ED567 /* Products */,
			);
			sourceTree = "<group>";
		};
		9D20EE5E2F4F5207003ED567 /* Products */ = {
			isa = PBXGroup;
			children = (
				9D20EE5D2F4F5207003ED567 /* stackit.app */,
				9D20EE6E2F4F5209003ED567 /* stackitTests.xctest */,
				9D20EE782F4F5209003ED567 /* stackitUITests.xctest */,
			);
			name = Products;
			sourceTree = "<group>";
		};
		9D20EE5F2F4F5207003ED567 /* stackit */ = {
			isa = PBXGroup;
			children = (
				9D20EE602F4F5207003ED567 /* stackitApp.swift */,
				9D20EE622F4F5207003ED567 /* ContentView.swift */,
				9D20EEA52F4F5210003ED567 /* Models */,
				9D20EEAD2F4F5210003ED567 /* Navigation */,
				9D20EEC42F4F5210003ED567 /* Services */,
				9D20EEA62F4F5210003ED567 /* Views */,
				9D20EE642F4F5209003ED567 /* Assets.xcassets */,
				9D20EE662F4F5209003ED567 /* stackit.entitlements */,
				9D20EE672F4F5209003ED567 /* Preview Content */,
			);
			path = stackit;
			sourceTree = "<group>";
		};
		9D20EEA52F4F5210003ED567 /* Models */ = {
			isa = PBXGroup;
			children = (
				9D20EEA02F4F5210003ED567 /* TaskItem.swift */,
				9D20EEAE2F4F5210003ED567 /* ScheduleItem.swift */,
			);
			path = Models;
			sourceTree = "<group>";
		};
		9D20EEAD2F4F5210003ED567 /* Navigation */ = {
			isa = PBXGroup;
			children = (
				9D20EEA82F4F5210003ED567 /* AppRoute.swift */,
				9D20EEA92F4F5210003ED567 /* RootContainerView.swift */,
			);
			path = Navigation;
			sourceTree = "<group>";
		};
		9D20EEC42F4F5210003ED567 /* Services */ = {
			isa = PBXGroup;
			children = (
				9D20EEC02F4F5210003ED567 /* ScheduleItemRepository.swift */,
				9D20EEC12F4F5210003ED567 /* InMemoryScheduleItemRepository.swift */,
				9D20EEC22F4F5210003ED567 /* CurrentTaskScheduler.swift */,
				9D20EEC32F4F5210003ED567 /* ScheduleStore.swift */,
			);
			path = Services;
			sourceTree = "<group>";
		};
		9D20EEA62F4F5210003ED567 /* Views */ = {
			isa = PBXGroup;
			children = (
				9D20EEA42F4F5210003ED567 /* MainDailyView.swift */,
				9D20EEC52F4F5210003ED567 /* AddEditTaskView.swift */,
				9D20EEAA2F4F5210003ED567 /* SettingsView.swift */,
				9D20EEAB2F4F5210003ED567 /* TaskDetailView.swift */,
				9D20EEAC2F4F5210003ED567 /* AddTaskPlaceholderView.swift */,
				9D20EEA72F4F5210003ED567 /* Components */,
			);
			path = Views;
			sourceTree = "<group>";
		};
		9D20EEA72F4F5210003ED567 /* Components */ = {
			isa = PBXGroup;
			children = (
				9D20EEA12F4F5210003ED567 /* DateTimeHeaderView.swift */,
				9D20EEA22F4F5210003ED567 /* DailyProgressView.swift */,
				9D20EEA32F4F5210003ED567 /* CurrentTaskCardView.swift */,
			);
			path = Components;
			sourceTree = "<group>";
		};
		9D20EE672F4F5209003ED567 /* Preview Content */ = {
			isa = PBXGroup;
			children = (
				9D20EE682F4F5209003ED567 /* Preview Assets.xcassets */,
			);
			path = "Preview Content";
			sourceTree = "<group>";
		};
		9D20EE712F4F5209003ED567 /* stackitTests */ = {
			isa = PBXGroup;
			children = (
				9D20EE722F4F5209003ED567 /* stackitTests.swift */,
			);
			path = stackitTests;
			sourceTree = "<group>";
		};
		9D20EE7B2F4F5209003ED567 /* stackitUITests */ = {
			isa = PBXGroup;
			children = (
				9D20EE7C2F4F5209003ED567 /* stackitUITests.swift */,
				9D20EE7E2F4F5209003ED567 /* stackitUITestsLaunchTests.swift */,
			);
			path = stackitUITests;
			sourceTree = "<group>";
		};
/* End PBXGroup section */

/* Begin PBXNativeTarget section */
		9D20EE5C2F4F5207003ED567 /* stackit */ = {
			isa = PBXNativeTarget;
			buildConfigurationList = 9D20EE822F4F5209003ED567 /* Build configuration list for PBXNativeTarget "stackit" */;
			buildPhases = (
				9D20EE592F4F5207003ED567 /* Sources */,
				9D20EE5A2F4F5207003ED567 /* Frameworks */,
				9D20EE5B2F4F5207003ED567 /* Resources */,
			);
			buildRules = (
			);
			dependencies = (
			);
			name = stackit;
			productName = stackit;
			productReference = 9D20EE5D2F4F5207003ED567 /* stackit.app */;
			productType = "com.apple.product-type.application";
		};
		9D20EE6D2F4F5209003ED567 /* stackitTests */ = {
			isa = PBXNativeTarget;
			buildConfigurationList = 9D20EE852F4F5209003ED567 /* Build configuration list for PBXNativeTarget "stackitTests" */;
			buildPhases = (
				9D20EE6A2F4F5209003ED567 /* Sources */,
				9D20EE6B2F4F5209003ED567 /* Frameworks */,
				9D20EE6C2F4F5209003ED567 /* Resources */,
			);
			buildRules = (
			);
			dependencies = (
				9D20EE702F4F5209003ED567 /* PBXTargetDependency */,
			);
			name = stackitTests;
			productName = stackitTests;
			productReference = 9D20EE6E2F4F5209003ED567 /* stackitTests.xctest */;
			productType = "com.apple.product-type.bundle.unit-test";
		};
		9D20EE772F4F5209003ED567 /* stackitUITests */ = {
			isa = PBXNativeTarget;
			buildConfigurationList = 9D20EE882F4F5209003ED567 /* Build configuration list for PBXNativeTarget "stackitUITests" */;
			buildPhases = (
				9D20EE742F4F5209003ED567 /* Sources */,
				9D20EE752F4F5209003ED567 /* Frameworks */,
				9D20EE762F4F5209003ED567 /* Resources */,
			);
			buildRules = (
			);
			dependencies = (
				9D20EE7A2F4F5209003ED567 /* PBXTargetDependency */,
			);
			name = stackitUITests;
			productName = stackitUITests;
			productReference = 9D20EE782F4F5209003ED567 /* stackitUITests.xctest */;
			productType = "com.apple.product-type.bundle.ui-testing";
		};
/* End PBXNativeTarget section */

/* Begin PBXProject section */
		9D20EE552F4F5207003ED567 /* Project object */ = {
			isa = PBXProject;
			attributes = {
				BuildIndependentTargetsInParallel = 1;
				LastSwiftUpdateCheck = 1540;
				LastUpgradeCheck = 1540;
				TargetAttributes = {
					9D20EE5C2F4F5207003ED567 = {
						CreatedOnToolsVersion = 15.4;
					};
					9D20EE6D2F4F5209003ED567 = {
						CreatedOnToolsVersion = 15.4;
						TestTargetID = 9D20EE5C2F4F5207003ED567;
					};
					9D20EE772F4F5209003ED567 = {
						CreatedOnToolsVersion = 15.4;
						TestTargetID = 9D20EE5C2F4F5207003ED567;
					};
				};
			};
			buildConfigurationList = 9D20EE582F4F5207003ED567 /* Build configuration list for PBXProject "stackit" */;
			compatibilityVersion = "Xcode 14.0";
			developmentRegion = en;
			hasScannedForEncodings = 0;
			knownRegions = (
				en,
				Base,
			);
			mainGroup = 9D20EE542F4F5207003ED567;
			productRefGroup = 9D20EE5E2F4F5207003ED567 /* Products */;
			projectDirPath = "";
			projectRoot = "";
			targets = (
				9D20EE5C2F4F5207003ED567 /* stackit */,
				9D20EE6D2F4F5209003ED567 /* stackitTests */,
				9D20EE772F4F5209003ED567 /* stackitUITests */,
			);
		};
/* End PBXProject section */

/* Begin PBXResourcesBuildPhase section */
		9D20EE5B2F4F5207003ED567 /* Resources */ = {
			isa = PBXResourcesBuildPhase;
			buildActionMask = 2147483647;
			files = (
				9D20EE692F4F5209003ED567 /* Preview Assets.xcassets in Resources */,
				9D20EE652F4F5209003ED567 /* Assets.xcassets in Resources */,
			);
			runOnlyForDeploymentPostprocessing = 0;
		};
		9D20EE6C2F4F5209003ED567 /* Resources */ = {
			isa = PBXResourcesBuildPhase;
			buildActionMask = 2147483647;
			files = (
			);
			runOnlyForDeploymentPostprocessing = 0;
		};
		9D20EE762F4F5209003ED567 /* Resources */ = {
			isa = PBXResourcesBuildPhase;
			buildActionMask = 2147483647;
			files = (
			);
			runOnlyForDeploymentPostprocessing = 0;
		};
/* End PBXResourcesBuildPhase section */

/* Begin PBXSourcesBuildPhase section */
		9D20EE592F4F5207003ED567 /* Sources */ = {
			isa = PBXSourcesBuildPhase;
			buildActionMask = 2147483647;
			files = (
				9D20EE632F4F5207003ED567 /* ContentView.swift in Sources */,
				9D20EE612F4F5207003ED567 /* stackitApp.swift in Sources */,
				9D20EEB02F4F5210003ED567 /* TaskItem.swift in Sources */,
				9D20EEBA2F4F5210003ED567 /* ScheduleItem.swift in Sources */,
				9D20EEB12F4F5210003ED567 /* DateTimeHeaderView.swift in Sources */,
				9D20EEB22F4F5210003ED567 /* DailyProgressView.swift in Sources */,
				9D20EEB32F4F5210003ED567 /* CurrentTaskCardView.swift in Sources */,
				9D20EEB42F4F5210003ED567 /* MainDailyView.swift in Sources */,
				9D20EEB52F4F5210003ED567 /* AppRoute.swift in Sources */,
				9D20EEB62F4F5210003ED567 /* RootContainerView.swift in Sources */,
				9D20EEB72F4F5210003ED567 /* SettingsView.swift in Sources */,
				9D20EEB82F4F5210003ED567 /* TaskDetailView.swift in Sources */,
				9D20EEB92F4F5210003ED567 /* AddTaskPlaceholderView.swift in Sources */,
				9D20EED42F4F5210003ED567 /* AddEditTaskView.swift in Sources */,
				9D20EED02F4F5210003ED567 /* ScheduleItemRepository.swift in Sources */,
				9D20EED12F4F5210003ED567 /* InMemoryScheduleItemRepository.swift in Sources */,
				9D20EED22F4F5210003ED567 /* CurrentTaskScheduler.swift in Sources */,
				9D20EED32F4F5210003ED567 /* ScheduleStore.swift in Sources */,
			);
			runOnlyForDeploymentPostprocessing = 0;
		};
		9D20EE6A2F4F5209003ED567 /* Sources */ = {
			isa = PBXSourcesBuildPhase;
			buildActionMask = 2147483647;
			files = (
				9D20EE732F4F5209003ED567 /* stackitTests.swift in Sources */,
			);
			runOnlyForDeploymentPostprocessing = 0;
		};
		9D20EE742F4F5209003ED567 /* Sources */ = {
			isa = PBXSourcesBuildPhase;
			buildActionMask = 2147483647;
			files = (
				9D20EE7F2F4F5209003ED567 /* stackitUITestsLaunchTests.swift in Sources */,
				9D20EE7D2F4F5209003ED567 /* stackitUITests.swift in Sources */,
			);
			runOnlyForDeploymentPostprocessing = 0;
		};
/* End PBXSourcesBuildPhase section */

/* Begin PBXTargetDependency section */
		9D20EE702F4F5209003ED567 /* PBXTargetDependency */ = {
			isa = PBXTargetDependency;
			target = 9D20EE5C2F4F5207003ED567 /* stackit */;
			targetProxy = 9D20EE6F2F4F5209003ED567 /* PBXContainerItemProxy */;
		};
		9D20EE7A2F4F5209003ED567 /* PBXTargetDependency */ = {
			isa = PBXTargetDependency;
			target = 9D20EE5C2F4F5207003ED567 /* stackit */;
			targetProxy = 9D20EE792F4F5209003ED567 /* PBXContainerItemProxy */;
		};
/* End PBXTargetDependency section */

/* Begin XCBuildConfiguration section */
		9D20EE802F4F5209003ED567 /* Debug */ = {
			isa = XCBuildConfiguration;
			buildSettings = {
				ALWAYS_SEARCH_USER_PATHS = NO;
				ASSETCATALOG_COMPILER_GENERATE_SWIFT_ASSET_SYMBOL_EXTENSIONS = YES;
				CLANG_ANALYZER_NONNULL = YES;
				CLANG_ANALYZER_NUMBER_OBJECT_CONVERSION = YES_AGGRESSIVE;
				CLANG_CXX_LANGUAGE_STANDARD = "gnu++20";
				CLANG_ENABLE_MODULES = YES;
				CLANG_ENABLE_OBJC_ARC = YES;
				CLANG_ENABLE_OBJC_WEAK = YES;
				CLANG_WARN_BLOCK_CAPTURE_AUTORELEASING = YES;
				CLANG_WARN_BOOL_CONVERSION = YES;
				CLANG_WARN_COMMA = YES;
				CLANG_WARN_CONSTANT_CONVERSION = YES;
				CLANG_WARN_DEPRECATED_OBJC_IMPLEMENTATIONS = YES;
				CLANG_WARN_DIRECT_OBJC_ISA_USAGE = YES_ERROR;
				CLANG_WARN_DOCUMENTATION_COMMENTS = YES;
				CLANG_WARN_EMPTY_BODY = YES;
				CLANG_WARN_ENUM_CONVERSION = YES;
				CLANG_WARN_INFINITE_RECURSION = YES;
				CLANG_WARN_INT_CONVERSION = YES;
				CLANG_WARN_NON_LITERAL_NULL_CONVERSION = YES;
				CLANG_WARN_OBJC_IMPLICIT_RETAIN_SELF = YES;
				CLANG_WARN_OBJC_LITERAL_CONVERSION = YES;
				CLANG_WARN_OBJC_ROOT_CLASS = YES_ERROR;
				CLANG_WARN_QUOTED_INCLUDE_IN_FRAMEWORK_HEADER = YES;
				CLANG_WARN_RANGE_LOOP_ANALYSIS = YES;
				CLANG_WARN_STRICT_PROTOTYPES = YES;
				CLANG_WARN_SUSPICIOUS_MOVE = YES;
				CLANG_WARN_UNGUARDED_AVAILABILITY = YES_AGGRESSIVE;
				CLANG_WARN_UNREACHABLE_CODE = YES;
				CLANG_WARN__DUPLICATE_METHOD_MATCH = YES;
				COPY_PHASE_STRIP = NO;
				DEBUG_INFORMATION_FORMAT = dwarf;
				ENABLE_STRICT_OBJC_MSGSEND = YES;
				ENABLE_TESTABILITY = YES;
				ENABLE_USER_SCRIPT_SANDBOXING = YES;
				GCC_C_LANGUAGE_STANDARD = gnu17;
				GCC_DYNAMIC_NO_PIC = NO;
				GCC_NO_COMMON_BLOCKS = YES;
				GCC_OPTIMIZATION_LEVEL = 0;
				GCC_PREPROCESSOR_DEFINITIONS = (
					"DEBUG=1",
					"$(inherited)",
				);
				GCC_WARN_64_TO_32_BIT_CONVERSION = YES;
				GCC_WARN_ABOUT_RETURN_TYPE = YES_ERROR;
				GCC_WARN_UNDECLARED_SELECTOR = YES;
				GCC_WARN_UNINITIALIZED_AUTOS = YES_AGGRESSIVE;
				GCC_WARN_UNUSED_FUNCTION = YES;
				GCC_WARN_UNUSED_VARIABLE = YES;
				LOCALIZATION_PREFERS_STRING_CATALOGS = YES;
				MTL_ENABLE_DEBUG_INFO = INCLUDE_SOURCE;
				MTL_FAST_MATH = YES;
				ONLY_ACTIVE_ARCH = YES;
				SWIFT_ACTIVE_COMPILATION_CONDITIONS = "DEBUG $(inherited)";
				SWIFT_OPTIMIZATION_LEVEL = "-Onone";
			};
			name = Debug;
		};
		9D20EE812F4F5209003ED567 /* Release */ = {
			isa = XCBuildConfiguration;
			buildSettings = {
				ALWAYS_SEARCH_USER_PATHS = NO;
				ASSETCATALOG_COMPILER_GENERATE_SWIFT_ASSET_SYMBOL_EXTENSIONS = YES;
				CLANG_ANALYZER_NONNULL = YES;
				CLANG_ANALYZER_NUMBER_OBJECT_CONVERSION = YES_AGGRESSIVE;
				CLANG_CXX_LANGUAGE_STANDARD = "gnu++20";
				CLANG_ENABLE_MODULES = YES;
				CLANG_ENABLE_OBJC_ARC = YES;
				CLANG_ENABLE_OBJC_WEAK = YES;
				CLANG_WARN_BLOCK_CAPTURE_AUTORELEASING = YES;
				CLANG_WARN_BOOL_CONVERSION = YES;
				CLANG_WARN_COMMA = YES;
				CLANG_WARN_CONSTANT_CONVERSION = YES;
				CLANG_WARN_DEPRECATED_OBJC_IMPLEMENTATIONS = YES;
				CLANG_WARN_DIRECT_OBJC_ISA_USAGE = YES_ERROR;
				CLANG_WARN_DOCUMENTATION_COMMENTS = YES;
				CLANG_WARN_EMPTY_BODY = YES;
				CLANG_WARN_ENUM_CONVERSION = YES;
				CLANG_WARN_INFINITE_RECURSION = YES;
				CLANG_WARN_INT_CONVERSION = YES;
				CLANG_WARN_NON_LITERAL_NULL_CONVERSION = YES;
				CLANG_WARN_OBJC_IMPLICIT_RETAIN_SELF = YES;
				CLANG_WARN_OBJC_LITERAL_CONVERSION = YES;
				CLANG_WARN_OBJC_ROOT_CLASS = YES_ERROR;
				CLANG_WARN_QUOTED_INCLUDE_IN_FRAMEWORK_HEADER = YES;
				CLANG_WARN_RANGE_LOOP_ANALYSIS = YES;
				CLANG_WARN_STRICT_PROTOTYPES = YES;
				CLANG_WARN_SUSPICIOUS_MOVE = YES;
				CLANG_WARN_UNGUARDED_AVAILABILITY = YES_AGGRESSIVE;
				CLANG_WARN_UNREACHABLE_CODE = YES;
				CLANG_WARN__DUPLICATE_METHOD_MATCH = YES;
				COPY_PHASE_STRIP = NO;
				DEBUG_INFORMATION_FORMAT = "dwarf-with-dsym";
				ENABLE_NS_ASSERTIONS = NO;
				ENABLE_STRICT_OBJC_MSGSEND = YES;
				ENABLE_USER_SCRIPT_SANDBOXING = YES;
				GCC_C_LANGUAGE_STANDARD = gnu17;
				GCC_NO_COMMON_BLOCKS = YES;
				GCC_WARN_64_TO_32_BIT_CONVERSION = YES;
				GCC_WARN_ABOUT_RETURN_TYPE = YES_ERROR;
				GCC_WARN_UNDECLARED_SELECTOR = YES;
				GCC_WARN_UNINITIALIZED_AUTOS = YES_AGGRESSIVE;
				GCC_WARN_UNUSED_FUNCTION = YES;
				GCC_WARN_UNUSED_VARIABLE = YES;
				LOCALIZATION_PREFERS_STRING_CATALOGS = YES;
				MTL_ENABLE_DEBUG_INFO = NO;
				MTL_FAST_MATH = YES;
				SWIFT_COMPILATION_MODE = wholemodule;
			};
			name = Release;
		};
		9D20EE832F4F5209003ED567 /* Debug */ = {
			isa = XCBuildConfiguration;
			buildSettings = {
				ASSETCATALOG_COMPILER_APPICON_NAME = AppIcon;
				ASSETCATALOG_COMPILER_GLOBAL_ACCENT_COLOR_NAME = AccentColor;
				CODE_SIGN_ENTITLEMENTS = stackit/stackit.entitlements;
				CODE_SIGN_STYLE = Automatic;
				CURRENT_PROJECT_VERSION = 1;
				DEVELOPMENT_ASSET_PATHS = "\"stackit/Preview Content\"";
				ENABLE_PREVIEWS = YES;
				GENERATE_INFOPLIST_FILE = YES;
				"INFOPLIST_KEY_UIApplicationSceneManifest_Generation[sdk=iphoneos*]" = YES;
				"INFOPLIST_KEY_UIApplicationSceneManifest_Generation[sdk=iphonesimulator*]" = YES;
				"INFOPLIST_KEY_UIApplicationSupportsIndirectInputEvents[sdk=iphoneos*]" = YES;
				"INFOPLIST_KEY_UIApplicationSupportsIndirectInputEvents[sdk=iphonesimulator*]" = YES;
				"INFOPLIST_KEY_UILaunchScreen_Generation[sdk=iphoneos*]" = YES;
				"INFOPLIST_KEY_UILaunchScreen_Generation[sdk=iphonesimulator*]" = YES;
				"INFOPLIST_KEY_UIStatusBarStyle[sdk=iphoneos*]" = UIStatusBarStyleDefault;
				"INFOPLIST_KEY_UIStatusBarStyle[sdk=iphonesimulator*]" = UIStatusBarStyleDefault;
				INFOPLIST_KEY_UISupportedInterfaceOrientations_iPad = "UIInterfaceOrientationPortrait UIInterfaceOrientationPortraitUpsideDown UIInterfaceOrientationLandscapeLeft UIInterfaceOrientationLandscapeRight";
				INFOPLIST_KEY_UISupportedInterfaceOrientations_iPhone = "UIInterfaceOrientationPortrait UIInterfaceOrientationLandscapeLeft UIInterfaceOrientationLandscapeRight";
				IPHONEOS_DEPLOYMENT_TARGET = 17.5;
				LD_RUNPATH_SEARCH_PATHS = "@executable_path/Frameworks";
				"LD_RUNPATH_SEARCH_PATHS[sdk=macosx*]" = "@executable_path/../Frameworks";
				MACOSX_DEPLOYMENT_TARGET = 14.0;
				MARKETING_VERSION = 1.0;
				PRODUCT_BUNDLE_IDENTIFIER = org.stackit;
				PRODUCT_NAME = "$(TARGET_NAME)";
				SDKROOT = auto;
				SUPPORTED_PLATFORMS = "iphoneos iphonesimulator macosx";
				SWIFT_EMIT_LOC_STRINGS = YES;
				SWIFT_VERSION = 5.0;
				TARGETED_DEVICE_FAMILY = "1,2";
			};
			name = Debug;
		};
		9D20EE842F4F5209003ED567 /* Release */ = {
			isa = XCBuildConfiguration;
			buildSettings = {
				ASSETCATALOG_COMPILER_APPICON_NAME = AppIcon;
				ASSETCATALOG_COMPILER_GLOBAL_ACCENT_COLOR_NAME = AccentColor;
				CODE_SIGN_ENTITLEMENTS = stackit/stackit.entitlements;
				CODE_SIGN_STYLE = Automatic;
				CURRENT_PROJECT_VERSION = 1;
				DEVELOPMENT_ASSET_PATHS = "\"stackit/Preview Content\"";
				ENABLE_PREVIEWS = YES;
				GENERATE_INFOPLIST_FILE = YES;
				"INFOPLIST_KEY_UIApplicationSceneManifest_Generation[sdk=iphoneos*]" = YES;
				"INFOPLIST_KEY_UIApplicationSceneManifest_Generation[sdk=iphonesimulator*]" = YES;
				"INFOPLIST_KEY_UIApplicationSupportsIndirectInputEvents[sdk=iphoneos*]" = YES;
				"INFOPLIST_KEY_UIApplicationSupportsIndirectInputEvents[sdk=iphonesimulator*]" = YES;
				"INFOPLIST_KEY_UILaunchScreen_Generation[sdk=iphoneos*]" = YES;
				"INFOPLIST_KEY_UILaunchScreen_Generation[sdk=iphonesimulator*]" = YES;
				"INFOPLIST_KEY_UIStatusBarStyle[sdk=iphoneos*]" = UIStatusBarStyleDefault;
				"INFOPLIST_KEY_UIStatusBarStyle[sdk=iphonesimulator*]" = UIStatusBarStyleDefault;
				INFOPLIST_KEY_UISupportedInterfaceOrientations_iPad = "UIInterfaceOrientationPortrait UIInterfaceOrientationPortraitUpsideDown UIInterfaceOrientationLandscapeLeft UIInterfaceOrientationLandscapeRight";
				INFOPLIST_KEY_UISupportedInterfaceOrientations_iPhone = "UIInterfaceOrientationPortrait UIInterfaceOrientationLandscapeLeft UIInterfaceOrientationLandscapeRight";
				IPHONEOS_DEPLOYMENT_TARGET = 17.5;
				LD_RUNPATH_SEARCH_PATHS = "@executable_path/Frameworks";
				"LD_RUNPATH_SEARCH_PATHS[sdk=macosx*]" = "@executable_path/../Frameworks";
				MACOSX_DEPLOYMENT_TARGET = 14.0;
				MARKETING_VERSION = 1.0;
				PRODUCT_BUNDLE_IDENTIFIER = org.stackit;
				PRODUCT_NAME = "$(TARGET_NAME)";
				SDKROOT = auto;
				SUPPORTED_PLATFORMS = "iphoneos iphonesimulator macosx";
				SWIFT_EMIT_LOC_STRINGS = YES;
				SWIFT_VERSION = 5.0;
				TARGETED_DEVICE_FAMILY = "1,2";
			};
			name = Release;
		};
		9D20EE862F4F5209003ED567 /* Debug */ = {
			isa = XCBuildConfiguration;
			buildSettings = {
				ALWAYS_EMBED_SWIFT_STANDARD_LIBRARIES = YES;
				BUNDLE_LOADER = "$(TEST_HOST)";
				CODE_SIGN_STYLE = Automatic;
				CURRENT_PROJECT_VERSION = 1;
				GENERATE_INFOPLIST_FILE = YES;
				IPHONEOS_DEPLOYMENT_TARGET = 17.5;
				MACOSX_DEPLOYMENT_TARGET = 14.0;
				MARKETING_VERSION = 1.0;
				PRODUCT_BUNDLE_IDENTIFIER = org.stackitTests;
				PRODUCT_NAME = "$(TARGET_NAME)";
				SDKROOT = auto;
				SUPPORTED_PLATFORMS = "iphoneos iphonesimulator macosx";
				SWIFT_EMIT_LOC_STRINGS = NO;
				SWIFT_VERSION = 5.0;
				TARGETED_DEVICE_FAMILY = "1,2";
				TEST_HOST = "$(BUILT_PRODUCTS_DIR)/stackit.app/$(BUNDLE_EXECUTABLE_FOLDER_PATH)/stackit";
			};
			name = Debug;
		};
		9D20EE872F4F5209003ED567 /* Release */ = {
			isa = XCBuildConfiguration;
			buildSettings = {
				ALWAYS_EMBED_SWIFT_STANDARD_LIBRARIES = YES;
				BUNDLE_LOADER = "$(TEST_HOST)";
				CODE_SIGN_STYLE = Automatic;
				CURRENT_PROJECT_VERSION = 1;
				GENERATE_INFOPLIST_FILE = YES;
				IPHONEOS_DEPLOYMENT_TARGET = 17.5;
				MACOSX_DEPLOYMENT_TARGET = 14.0;
				MARKETING_VERSION = 1.0;
				PRODUCT_BUNDLE_IDENTIFIER = org.stackitTests;
				PRODUCT_NAME = "$(TARGET_NAME)";
				SDKROOT = auto;
				SUPPORTED_PLATFORMS = "iphoneos iphonesimulator macosx";
				SWIFT_EMIT_LOC_STRINGS = NO;
				SWIFT_VERSION = 5.0;
				TARGETED_DEVICE_FAMILY = "1,2";
				TEST_HOST = "$(BUILT_PRODUCTS_DIR)/stackit.app/$(BUNDLE_EXECUTABLE_FOLDER_PATH)/stackit";
			};
			name = Release;
		};
		9D20EE892F4F5209003ED567 /* Debug */ = {
			isa = XCBuildConfiguration;
			buildSettings = {
				ALWAYS_EMBED_SWIFT_STANDARD_LIBRARIES = YES;
				CODE_SIGN_STYLE = Automatic;
				CURRENT_PROJECT_VERSION = 1;
				GENERATE_INFOPLIST_FILE = YES;
				IPHONEOS_DEPLOYMENT_TARGET = 17.5;
				MACOSX_DEPLOYMENT_TARGET = 14.0;
				MARKETING_VERSION = 1.0;
				PRODUCT_BUNDLE_IDENTIFIER = org.stackitUITests;
				PRODUCT_NAME = "$(TARGET_NAME)";
				SDKROOT = auto;
				SUPPORTED_PLATFORMS = "iphoneos iphonesimulator macosx";
				SWIFT_EMIT_LOC_STRINGS = NO;
				SWIFT_VERSION = 5.0;
				TARGETED_DEVICE_FAMILY = "1,2";
				TEST_TARGET_NAME = stackit;
			};
			name = Debug;
		};
		9D20EE8A2F4F5209003ED567 /* Release */ = {
			isa = XCBuildConfiguration;
			buildSettings = {
				ALWAYS_EMBED_SWIFT_STANDARD_LIBRARIES = YES;
				CODE_SIGN_STYLE = Automatic;
				CURRENT_PROJECT_VERSION = 1;
				GENERATE_INFOPLIST_FILE = YES;
				IPHONEOS_DEPLOYMENT_TARGET = 17.5;
				MACOSX_DEPLOYMENT_TARGET = 14.0;
				MARKETING_VERSION = 1.0;
				PRODUCT_BUNDLE_IDENTIFIER = org.stackitUITests;
				PRODUCT_NAME = "$(TARGET_NAME)";
				SDKROOT = auto;
				SUPPORTED_PLATFORMS = "iphoneos iphonesimulator macosx";
				SWIFT_EMIT_LOC_STRINGS = NO;
				SWIFT_VERSION = 5.0;
				TARGETED_DEVICE_FAMILY = "1,2";
				TEST_TARGET_NAME = stackit;
			};
			name = Release;
		};
/* End XCBuildConfiguration section */

/* Begin XCConfigurationList section */
		9D20EE582F4F5207003ED567 /* Build configuration list for PBXProject "stackit" */ = {
			isa = XCConfigurationList;
			buildConfigurations = (
				9D20EE802F4F5209003ED567 /* Debug */,
				9D20EE812F4F5209003ED567 /* Release */,
			);
			defaultConfigurationIsVisible = 0;
			defaultConfigurationName = Release;
		};
		9D20EE822F4F5209003ED567 /* Build configuration list for PBXNativeTarget "stackit" */ = {
			isa = XCConfigurationList;
			buildConfigurations = (
				9D20EE832F4F5209003ED567 /* Debug */,
				9D20EE842F4F5209003ED567 /* Release */,
			);
			defaultConfigurationIsVisible = 0;
			defaultConfigurationName = Release;
		};
		9D20EE852F4F5209003ED567 /* Build configuration list for PBXNativeTarget "stackitTests" */ = {
			isa = XCConfigurationList;
			buildConfigurations = (
				9D20EE862F4F5209003ED567 /* Debug */,
				9D20EE872F4F5209003ED567 /* Release */,
			);
			defaultConfigurationIsVisible = 0;
			defaultConfigurationName = Release;
		};
		9D20EE882F4F5209003ED567 /* Build configuration list for PBXNativeTarget "stackitUITests" */ = {
			isa = XCConfigurationList;
			buildConfigurations = (
				9D20EE892F4F5209003ED567 /* Debug */,
				9D20EE8A2F4F5209003ED567 /* Release */,
			);
			defaultConfigurationIsVisible = 0;
			defaultConfigurationName = Release;
		};
/* End XCConfigurationList section */
	};
	rootObject = 9D20EE552F4F5207003ED567 /* Project object */;
}
